// !$*UTF8*$!
{
	archiveVersion = 1;
	classes = {
	};
	objectVersion = 50;
	objects = {

/* Begin PBXBuildFile section */
		AB31CBDD20B7F0C20061AE65 /* AppDelegate.swift in Sources */ = {isa = PBXBuildFile; fileRef = AB31CBDC20B7F0C20061AE65 /* AppDelegate.swift */; };
		AB31CBDF20B7F0C20061AE65 /* ViewController.swift in Sources */ = {isa = PBXBuildFile; fileRef = AB31CBDE20B7F0C20061AE65 /* ViewController.swift */; };
		AB31CBE220B7F0C20061AE65 /* Main.storyboard in Resources */ = {isa = PBXBuildFile; fileRef = AB31CBE020B7F0C20061AE65 /* Main.storyboard */; };
		AB31CBE420B7F0C40061AE65 /* Assets.xcassets in Resources */ = {isa = PBXBuildFile; fileRef = AB31CBE320B7F0C40061AE65 /* Assets.xcassets */; };
		AB31CBE720B7F0C40061AE65 /* LaunchScreen.storyboard in Resources */ = {isa = PBXBuildFile; fileRef = AB31CBE520B7F0C40061AE65 /* LaunchScreen.storyboard */; };
		AB31CBF220B832730061AE65 /* pizza.jpg in Resources */ = {isa = PBXBuildFile; fileRef = AB31CBEE20B832720061AE65 /* pizza.jpg */; };
		AB31CBF320B832730061AE65 /* pasta.jpg in Resources */ = {isa = PBXBuildFile; fileRef = AB31CBEF20B832720061AE65 /* pasta.jpg */; };
		AB31CBF420B832730061AE65 /* coffee-pink.jpg in Resources */ = {isa = PBXBuildFile; fileRef = AB31CBF020B832730061AE65 /* coffee-pink.jpg */; };
		AB31CBF520B832730061AE65 /* breakfast.jpg in Resources */ = {isa = PBXBuildFile; fileRef = AB31CBF120B832730061AE65 /* breakfast.jpg */; };
/* End PBXBuildFile section */

/* Begin PBXFileReference section */
		AB31CBD920B7F0C20061AE65 /* 321_omikuji.app */ = {isa = PBXFileReference; explicitFileType = wrapper.application; includeInIndex = 0; path = 321_omikuji.app; sourceTree = BUILT_PRODUCTS_DIR; };
		AB31CBDC20B7F0C20061AE65 /* AppDelegate.swift */ = {isa = PBXFileReference; lastKnownFileType = sourcecode.swift; path = AppDelegate.swift; sourceTree = "<group>"; };
		AB31CBDE20B7F0C20061AE65 /* ViewController.swift */ = {isa = PBXFileReference; lastKnownFileType = sourcecode.swift; path = ViewController.swift; sourceTree = "<group>"; };
		AB31CBE120B7F0C20061AE65 /* Base */ = {isa = PBXFileReference; lastKnownFileType = file.storyboard; name = Base; path = Base.lproj/Main.storyboard; sourceTree = "<group>"; };
		AB31CBE320B7F0C40061AE65 /* Assets.xcassets */ = {isa = PBXFileReference; lastKnownFileType = folder.assetcatalog; path = Assets.xcassets; sourceTree = "<group>"; };
		AB31CBE620B7F0C40061AE65 /* Base */ = {isa = PBXFileReference; lastKnownFileType = file.storyboard; name = Base; path = Base.lproj/LaunchScreen.storyboard; sourceTree = "<group>"; };
		AB31CBE820B7F0C40061AE65 /* Info.plist */ = {isa = PBXFileReference; lastKnownFileType = text.plist.xml; path = Info.plist; sourceTree = "<group>"; };
		AB31CBEE20B832720061AE65 /* pizza.jpg */ = {isa = PBXFileReference; lastKnownFileType = image.jpeg; path = pizza.jpg; sourceTree = "<group>"; };
		AB31CBEF20B832720061AE65 /* pasta.jpg */ = {isa = PBXFileReference; lastKnownFileType = image.jpeg; path = pasta.jpg; sourceTree = "<group>"; };
		AB31CBF020B832730061AE65 /* coffee-pink.jpg */ = {isa = PBXFileReference; lastKnownFileType = image.jpeg; path = "coffee-pink.jpg"; sourceTree = "<group>"; };
		AB31CBF120B832730061AE65 /* breakfast.jpg */ = {isa = PBXFileReference; lastKnownFileType = image.jpeg; path = breakfast.jpg; sourceTree = "<group>"; };
/* End PBXFileReference section */

/* Begin PBXFrameworksBuildPhase section */
		AB31CBD620B7F0C20061AE65 /* Frameworks */ = {
			isa = PBXFrameworksBuildPhase;
			buildActionMask = 2147483647;
			files = (
			);
			runOnlyForDeploymentPostprocessing = 0;
		};
/* End PBXFrameworksBuildPhase section */

/* Begin PBXGroup section */
		AB31CBD020B7F0C20061AE65 = {
			isa = PBXGroup;
			children = (
				AB31CBDB20B7F0C20061AE65 /* 321_omikuji */,
				AB31CBDA20B7F0C20061AE65 /* Products */,
			);
			sourceTree = "<group>";
		};
		AB31CBDA20B7F0C20061AE65 /* Products */ = {
			isa = PBXGroup;
			children = (
				AB31CBD920B7F0C20061AE65 /* 321_omikuji.app */,
			);
			name = Products;
			sourceTree = "<group>";
		};
		AB31CBDB20B7F0C20061AE65 /* 321_omikuji */ = {
			isa = PBXGroup;
			children = (
				AB31CBF120B832730061AE65 /* breakfast.jpg */,
				AB31CBF020B832730061AE65 /* coffee-pink.jpg */,
				AB31CBEF20B832720061AE65 /* pasta.jpg */,
				AB31CBEE20B832720061AE65 /* pizza.jpg */,
				AB31CBDC20B7F0C20061AE65 /* AppDelegate.swift */,
				AB31CBDE20B7F0C20061AE65 /* ViewController.swift */,
				AB31CBE020B7F0C20061AE65 /* Main.storyboard */,
				AB31CBE320B7F0C40061AE65 /* Assets.xcassets */,
				AB31CBE520B7F0C40061AE65 /* LaunchScreen.storyboard */,
				AB31CBE820B7F0C40061AE65 /* Info.plist */,
			);
			path = 321_omikuji;
			sourceTree = "<group>";
		};
/* End PBXGroup section */

/* Begin PBXNativeTarget section */
		AB31CBD820B7F0C20061AE65 /* 321_omikuji */ = {
			isa = PBXNativeTarget;
			buildConfigurationList = AB31CBEB20B7F0C40061AE65 /* Build configuration list for PBXNativeTarget "321_omikuji" */;
			buildPhases = (
				AB31CBD520B7F0C20061AE65 /* Sources */,
				AB31CBD620B7F0C20061AE65 /* Frameworks */,
				AB31CBD720B7F0C20061AE65 /* Resources */,
			);
			buildRules = (
			);
			dependencies = (
			);
			name = 321_omikuji;
			productName = 321_omikuji;
			productReference = AB31CBD920B7F0C20061AE65 /* 321_omikuji.app */;
			productType = "com.apple.product-type.application";
		};
/* End PBXNativeTarget section */

/* Begin PBXProject section */
		AB31CBD120B7F0C20061AE65 /* Project object */ = {
			isa = PBXProject;
			attributes = {
				LastSwiftUpdateCheck = 0930;
				LastUpgradeCheck = 0930;
				ORGANIZATIONNAME = "三井 裕貴";
				TargetAttributes = {
					AB31CBD820B7F0C20061AE65 = {
						CreatedOnToolsVersion = 9.3.1;
					};
				};
			};
			buildConfigurationList = AB31CBD420B7F0C20061AE65 /* Build configuration list for PBXProject "321_omikuji" */;
			compatibilityVersion = "Xcode 9.3";
			developmentRegion = en;
			hasScannedForEncodings = 0;
			knownRegions = (
				en,
				Base,
			);
			mainGroup = AB31CBD020B7F0C20061AE65;
			productRefGroup = AB31CBDA20B7F0C20061AE65 /* Products */;
			projectDirPath = "";
			projectRoot = "";
			targets = (
				AB31CBD820B7F0C20061AE65 /* 321_omikuji */,
			);
		};
/* End PBXProject section */

/* Begin PBXResourcesBuildPhase section */
		AB31CBD720B7F0C20061AE65 /* Resources */ = {
			isa = PBXResourcesBuildPhase;
			buildActionMask = 2147483647;
			files = (
				AB31CBE720B7F0C40061AE65 /* LaunchScreen.storyboard in Resources */,
				AB31CBE420B7F0C40061AE65 /* Assets.xcassets in Resources */,
				AB31CBF220B832730061AE65 /* pizza.jpg in Resources */,
				AB31CBF420B832730061AE65 /* coffee-pink.jpg in Resources */,
				AB31CBF520B832730061AE65 /* breakfast.jpg in Resources */,
				AB31CBE220B7F0C20061AE65 /* Main.storyboard in Resources */,
				AB31CBF320B832730061AE65 /* pasta.jpg in Resources */,
			);
			runOnlyForDeploymentPostprocessing = 0;
		};
/* End PBXResourcesBuildPhase section */

/* Begin PBXSourcesBuildPhase section */
		AB31CBD520B7F0C20061AE65 /* Sources */ = {
			isa = PBXSourcesBuildPhase;
			buildActionMask = 2147483647;
			files = (
				AB31CBDF20B7F0C20061AE65 /* ViewController.swift in Sources */,
				AB31CBDD20B7F0C20061AE65 /* AppDelegate.swift in Sources */,
			);
			runOnlyForDeploymentPostprocessing = 0;
		};
/* End PBXSourcesBuildPhase section */

/* Begin PBXVariantGroup section */
		AB31CBE020B7F0C20061AE65 /* Main.storyboard */ = {
			isa = PBXVariantGroup;
			children = (
				AB31CBE120B7F0C20061AE65 /* Base */,
			);
			name = Main.storyboard;
			sourceTree = "<group>";
		};
		AB31CBE520B7F0C40061AE65 /* LaunchScreen.storyboard */ = {
			isa = PBXVariantGroup;
			children = (
				AB31CBE620B7F0C40061AE65 /* Base */,
			);
			name = LaunchScreen.storyboard;
			sourceTree = "<group>";
		};
/* End PBXVariantGroup section */

/* Begin XCBuildConfiguration section */
		AB31CBE920B7F0C40061AE65 /* Debug */ = {
			isa = XCBuildConfiguration;
			buildSettings = {
				ALWAYS_SEARCH_USER_PATHS = NO;
				CLANG_ANALYZER_NONNULL = YES;
				CLANG_ANALYZER_NUMBER_OBJECT_CONVERSION = YES_AGGRESSIVE;
				CLANG_CXX_LANGUAGE_STANDARD = "gnu++14";
				CLANG_CXX_LIBRARY = "libc++";
				CLANG_ENABLE_MODULES = YES;
				CLANG_ENABLE_OBJC_ARC = YES;
				CLANG_ENABLE_OBJC_WEAK = YES;
				CLANG_WARN_BLOCK_CAPTURE_AUTORELEASING = YES;
				CLANG_WARN_BOOL_CONVERSION = YES;
				CLANG_WARN_COMMA = YES;
				CLANG_WARN_CONSTANT_CONVERSION = YES;
				CLANG_WARN_DEPRECATED_OBJC_IMPLEMENTATIONS = YES;
				CLANG_WARN_DIRECT_OBJC_ISA_USAGE = YES_ERROR;
				CLANG_WARN_DOCUMENTATION_COMMENTS = YES;
				CLANG_WARN_EMPTY_BODY = YES;
				CLANG_WARN_ENUM_CONVERSION = YES;
				CLANG_WARN_INFINITE_RECURSION = YES;
				CLANG_WARN_INT_CONVERSION = YES;
				CLANG_WARN_NON_LITERAL_NULL_CONVERSION = YES;
				CLANG_WARN_OBJC_IMPLICIT_RETAIN_SELF = YES;
				CLANG_WARN_OBJC_LITERAL_CONVERSION = YES;
				CLANG_WARN_OBJC_ROOT_CLASS = YES_ERROR;
				CLANG_WARN_RANGE_LOOP_ANALYSIS = YES;
				CLANG_WARN_STRICT_PROTOTYPES = YES;
				CLANG_WARN_SUSPICIOUS_MOVE = YES;
				CLANG_WARN_UNGUARDED_AVAILABILITY = YES_AGGRESSIVE;
				CLANG_WARN_UNREACHABLE_CODE = YES;
				CLANG_WARN__DUPLICATE_METHOD_MATCH = YES;
				CODE_SIGN_IDENTITY = "iPhone Developer";
				COPY_PHASE_STRIP = NO;
				DEBUG_INFORMATION_FORMAT = dwarf;
				ENABLE_STRICT_OBJC_MSGSEND = YES;
				ENABLE_TESTABILITY = YES;
				GCC_C_LANGUAGE_STANDARD = gnu11;
				GCC_DYNAMIC_NO_PIC = NO;
				GCC_NO_COMMON_BLOCKS = YES;
				GCC_OPTIMIZATION_LEVEL = 0;
				GCC_PREPROCESSOR_DEFINITIONS = (
					"DEBUG=1",
					"$(inherited)",
				);
				GCC_WARN_64_TO_32_BIT_CONVERSION = YES;
				GCC_WARN_ABOUT_RETURN_TYPE = YES_ERROR;
				GCC_WARN_UNDECLARED_SELECTOR = YES;
				GCC_WARN_UNINITIALIZED_AUTOS = YES_AGGRESSIVE;
				GCC_WARN_UNUSED_FUNCTION = YES;
				GCC_WARN_UNUSED_VARIABLE = YES;
				IPHONEOS_DEPLOYMENT_TARGET = 11.3;
				MTL_ENABLE_DEBUG_INFO = YES;
				ONLY_ACTIVE_ARCH = YES;
				SDKROOT = iphoneos;
				SWIFT_ACTIVE_COMPILATION_CONDITIONS = DEBUG;
				SWIFT_OPTIMIZATION_LEVEL = "-Onone";
			};
			name = Debug;
		};
		AB31CBEA20B7F0C40061AE65 /* Release */ = {
			isa = XCBuildConfiguration;
			buildSettings = {
				ALWAYS_SEARCH_USER_PATHS = NO;
				CLANG_ANALYZER_NONNULL = YES;
				CLANG_ANALYZER_NUMBER_OBJECT_CONVERSION = YES_AGGRESSIVE;
				CLANG_CXX_LANGUAGE_STANDARD = "gnu++14";
				CLANG_CXX_LIBRARY = "libc++";
				CLANG_ENABLE_MODULES = YES;
				CLANG_ENABLE_OBJC_ARC = YES;
				CLANG_ENABLE_OBJC_WEAK = YES;
				CLANG_WARN_BLOCK_CAPTURE_AUTORELEASING = YES;
				CLANG_WARN_BOOL_CONVERSION = YES;
				CLANG_WARN_COMMA = YES;
				CLANG_WARN_CONSTANT_CONVERSION = YES;
				CLANG_WARN_DEPRECATED_OBJC_IMPLEMENTATIONS = YES;
				CLANG_WARN_DIRECT_OBJC_ISA_USAGE = YES_ERROR;
				CLANG_WARN_DOCUMENTATION_COMMENTS = YES;
				CLANG_WARN_EMPTY_BODY = YES;
				CLANG_WARN_ENUM_CONVERSION = YES;
				CLANG_WARN_INFINITE_RECURSION = YES;
				CLANG_WARN_INT_CONVERSION = YES;
				CLANG_WARN_NON_LITERAL_NULL_CONVERSION = YES;
				CLANG_WARN_OBJC_IMPLICIT_RETAIN_SELF = YES;
				CLANG_WARN_OBJC_LITERAL_CONVERSION = YES;
				CLANG_WARN_OBJC_ROOT_CLASS = YES_ERROR;
				CLANG_WARN_RANGE_LOOP_ANALYSIS = YES;
				CLANG_WARN_STRICT_PROTOTYPES = YES;
				CLANG_WARN_SUSPICIOUS_MOVE = YES;
				CLANG_WARN_UNGUARDED_AVAILABILITY = YES_AGGRESSIVE;
				CLANG_WARN_UNREACHABLE_CODE = YES;
				CLANG_WARN__DUPLICATE_METHOD_MATCH = YES;
				CODE_SIGN_IDENTITY = "iPhone Developer";
				COPY_PHASE_STRIP = NO;
				DEBUG_INFORMATION_FORMAT = "dwarf-with-dsym";
				ENABLE_NS_ASSERTIONS = NO;
				ENABLE_STRICT_OBJC_MSGSEND = YES;
				GCC_C_LANGUAGE_STANDARD = gnu11;
				GCC_NO_COMMON_BLOCKS = YES;
				GCC_WARN_64_TO_32_BIT_CONVERSION = YES;
				GCC_WARN_ABOUT_RETURN_TYPE = YES_ERROR;
				GCC_WARN_UNDECLARED_SELECTOR = YES;
				GCC_WARN_UNINITIALIZED_AUTOS = YES_AGGRESSIVE;
				GCC_WARN_UNUSED_FUNCTION = YES;
				GCC_WARN_UNUSED_VARIABLE = YES;
				IPHONEOS_DEPLOYMENT_TARGET = 11.3;
				MTL_ENABLE_DEBUG_INFO = NO;
				SDKROOT = iphoneos;
				SWIFT_COMPILATION_MODE = wholemodule;
				SWIFT_OPTIMIZATION_LEVEL = "-O";
				VALIDATE_PRODUCT = YES;
			};
			name = Release;
		};
		AB31CBEC20B7F0C40061AE65 /* Debug */ = {
			isa = XCBuildConfiguration;
			buildSettings = {
				ASSETCATALOG_COMPILER_APPICON_NAME = AppIcon;
				CODE_SIGN_STYLE = Automatic;
				INFOPLIST_FILE = 321_omikuji/Info.plist;
				LD_RUNPATH_SEARCH_PATHS = (
					"$(inherited)",
					"@executable_path/Frameworks",
				);
				PRODUCT_BUNDLE_IDENTIFIER = "com.hiroki.-21-omikuji";
				PRODUCT_NAME = "$(TARGET_NAME)";
				SWIFT_VERSION = 4.0;
				TARGETED_DEVICE_FAMILY = "1,2";
			};
			name = Debug;
		};
		AB31CBED20B7F0C40061AE65 /* Release */ = {
			isa = XCBuildConfiguration;
			buildSettings = {
				ASSETCATALOG_COMPILER_APPICON_NAME = AppIcon;
				CODE_SIGN_STYLE = Automatic;
				INFOPLIST_FILE = 321_omikuji/Info.plist;
				LD_RUNPATH_SEARCH_PATHS = (
					"$(inherited)",
					"@executable_path/Frameworks",
				);
				PRODUCT_BUNDLE_IDENTIFIER = "com.hiroki.-21-omikuji";
				PRODUCT_NAME = "$(TARGET_NAME)";
				SWIFT_VERSION = 4.0;
				TARGETED_DEVICE_FAMILY = "1,2";
			};
			name = Release;
		};
/* End XCBuildConfiguration section */

/* Begin XCConfigurationList section */
		AB31CBD420B7F0C20061AE65 /* Build configuration list for PBXProject "321_omikuji" */ = {
			isa = XCConfigurationList;
			buildConfigurations = (
				AB31CBE920B7F0C40061AE65 /* Debug */,
				AB31CBEA20B7F0C40061AE65 /* Release */,
			);
			defaultConfigurationIsVisible = 0;
			defaultConfigurationName = Release;
		};
		AB31CBEB20B7F0C40061AE65 /* Build configuration list for PBXNativeTarget "321_omikuji" */ = {
			isa = XCConfigurationList;
			buildConfigurations = (
				AB31CBEC20B7F0C40061AE65 /* Debug */,
				AB31CBED20B7F0C40061AE65 /* Release */,
			);
			defaultConfigurationIsVisible = 0;
			defaultConfigurationName = Release;
		};
/* End XCConfigurationList section */
	};
	rootObject = AB31CBD120B7F0C20061AE65 /* Project object */;
}
